// !$*UTF8*$!
{
	archiveVersion = 1;
	classes = {
	};
	objectVersion = 56;
	objects = {

/* Begin PBXBuildFile section */
		07994A185CF125EA3FCB08D4 /* DashboardViewModel.swift in Sources */ = {isa = PBXBuildFile; fileRef = ADFB3CE3FD013D5F4E06D81C /* DashboardViewModel.swift */; };
		1561D60E64FAE5D1CCEFD4B9 /* Constants.swift in Sources */ = {isa = PBXBuildFile; fileRef = AB05BE435335B60008B0D825 /* Constants.swift */; };
		1B30D8ABDBC7C7715F664B4F /* DashboardView.swift in Sources */ = {isa = PBXBuildFile; fileRef = 86A1B9FFBC158E8970C97DC6 /* DashboardView.swift */; };
		218A5F2C065934E1000535A3 /* LaunchScreen.storyboard in Resources */ = {isa = PBXBuildFile; fileRef = AFE05C4400787E9A39D54CBC /* LaunchScreen.storyboard */; };
		24D6A6314F5027F96D09662E /* project.xcworkspace in Resources */ = {isa = PBXBuildFile; fileRef = 49387505CFE3602833F785AE /* project.xcworkspace */; };
		38BBD8F2B5B1751D8AD4736F /* UpdateStatusView.swift in Sources */ = {isa = PBXBuildFile; fileRef = 0D853682FA03F941DE4C75FE /* UpdateStatusView.swift */; };
		3EBA07E5198124582CC52300 /* Address.swift in Sources */ = {isa = PBXBuildFile; fileRef = 5A5143758323D0705E026ADA /* Address.swift */; };
		40E377252293A3A0E3CDE605 /* Shipment.swift in Sources */ = {isa = PBXBuildFile; fileRef = 3CDBD56088B54959A35334EF /* Shipment.swift */; };
		4C96EBE6D761E2A4F395D0A2 /* LocationService.swift in Sources */ = {isa = PBXBuildFile; fileRef = D8578240AF5376B90CB05E89 /* LocationService.swift */; };
		5684EF1024F645894E8E2066 /* update_project.py in Resources */ = {isa = PBXBuildFile; fileRef = 4B50964C5986A4AB9EB63A13 /* update_project.py */; };
		573766C191117DCEB2E82CDC /* MovingMountainsDriver.xcdatamodeld in Sources */ = {isa = PBXBuildFile; fileRef = DD4883CEF68E591553AC4602 /* MovingMountainsDriver.xcdatamodeld */; };
		62A05C81FFE57A2C3AA00A4E /* README.md in Resources */ = {isa = PBXBuildFile; fileRef = 7CA29BE9CB3806B20D13B418 /* README.md */; };
		649438FEEC4D0E9E9456443C /* JobDetailsView.swift in Sources */ = {isa = PBXBuildFile; fileRef = 5E3D3EBDFE108124C08BDCE8 /* JobDetailsView.swift */; };
		70F11661487D494443560C0B /* DevelopmentSetup.swift in Sources */ = {isa = PBXBuildFile; fileRef = 64585C151541923FB089FD8C /* DevelopmentSetup.swift */; };
		72723214492F201588DB63E3 /* CoreDataManager.swift in Sources */ = {isa = PBXBuildFile; fileRef = 56F4179183512EAF6F246409 /* CoreDataManager.swift */; };
		73CEC4086F4F670A51524FA5 /* project.pbxproj in Resources */ = {isa = PBXBuildFile; fileRef = 0D887989FC0850FDDE35D6D4 /* project.pbxproj */; };
		78F47373921D99F79FC08C47 /* DriverProfile.swift in Sources */ = {isa = PBXBuildFile; fileRef = CB23A5FA1FED64AC3B72029E /* DriverProfile.swift */; };
		7BDD85E0EC1797387D9460E6 /* AuthService.swift in Sources */ = {isa = PBXBuildFile; fileRef = 09BE55106C7A76C2C34EE3EA /* AuthService.swift */; };
		9E93446BA97021F3A6C5D1AE /* User.swift in Sources */ = {isa = PBXBuildFile; fileRef = D162DB735D13E29255EAFCA3 /* User.swift */; };
		B227BD26179B971218F9B326 /* AppDelegate.swift in Sources */ = {isa = PBXBuildFile; fileRef = B697C72BB9AC6F95DDF42F62 /* AppDelegate.swift */; };
		B889C51C0FF19BEC4F5F2B6F /* Job.swift in Sources */ = {isa = PBXBuildFile; fileRef = 65199ED4CC36317032069F29 /* Job.swift */; };
		D8052653DC22142CCD6024F7 /* SceneDelegate.swift in Sources */ = {isa = PBXBuildFile; fileRef = 86D2C867B221B4AEFD51A791 /* SceneDelegate.swift */; };
		E4CD4842F034E7F437542F61 /* APIClient.swift in Sources */ = {isa = PBXBuildFile; fileRef = 6D6AD615ABE2724BFF5D97DF /* APIClient.swift */; };
		E8BC8CBC9A78F53D6806944E /* MovingMountainsDriverApp.swift in Sources */ = {isa = PBXBuildFile; fileRef = 93830F369FA13CA2CDB96B8D /* MovingMountainsDriverApp.swift */; };
		EE13322A86E33654B103EC59 /* BuildConfiguration.swift in Sources */ = {isa = PBXBuildFile; fileRef = 11F48E7BB569878A7DD4D348 /* BuildConfiguration.swift */; };
		EF32351AE83718F0182675E0 /* SyncService.swift in Sources */ = {isa = PBXBuildFile; fileRef = C66CF42E54CFA15C1955F87B /* SyncService.swift */; };
		F1BBF68396477D099069C1EE /* LoginView.swift in Sources */ = {isa = PBXBuildFile; fileRef = CA1FB355C0843EE0A521E51A /* LoginView.swift */; };
		F61E013541CFD5A34FC56B88 /* MapView.swift in Sources */ = {isa = PBXBuildFile; fileRef = E31B05BC314FDA1220BFA341 /* MapView.swift */; };
/* End PBXBuildFile section */

/* Begin PBXFileReference section */
		09BE55106C7A76C2C34EE3EA /* AuthService.swift */ = {isa = PBXFileReference; lastKnownFileType = sourcecode.swift; path = AuthService.swift; sourceTree = "<group>"; };
		0D853682FA03F941DE4C75FE /* UpdateStatusView.swift */ = {isa = PBXFileReference; lastKnownFileType = sourcecode.swift; path = UpdateStatusView.swift; sourceTree = "<group>"; };
		0D887989FC0850FDDE35D6D4 /* project.pbxproj */ = {isa = PBXFileReference; lastKnownFileType = text.pbxproject; path = project.pbxproj; sourceTree = "<group>"; };
		11F48E7BB569878A7DD4D348 /* BuildConfiguration.swift */ = {isa = PBXFileReference; lastKnownFileType = sourcecode.swift; path = BuildConfiguration.swift; sourceTree = "<group>"; };
		21C24B10A2B7E39C8E66613B /* Info.plist */ = {isa = PBXFileReference; lastKnownFileType = text.plist; path = Info.plist; sourceTree = "<group>"; };
		3CDBD56088B54959A35334EF /* Shipment.swift */ = {isa = PBXFileReference; lastKnownFileType = sourcecode.swift; path = Shipment.swift; sourceTree = "<group>"; };
		49387505CFE3602833F785AE /* project.xcworkspace */ = {isa = PBXFileReference; lastKnownFileType = wrapper.workspace; path = project.xcworkspace; sourceTree = "<group>"; };
		4B50964C5986A4AB9EB63A13 /* update_project.py */ = {isa = PBXFileReference; lastKnownFileType = text.script.python; path = update_project.py; sourceTree = "<group>"; };
		56F4179183512EAF6F246409 /* CoreDataManager.swift */ = {isa = PBXFileReference; lastKnownFileType = sourcecode.swift; path = CoreDataManager.swift; sourceTree = "<group>"; };
		5A5143758323D0705E026ADA /* Address.swift */ = {isa = PBXFileReference; lastKnownFileType = sourcecode.swift; path = Address.swift; sourceTree = "<group>"; };
		5E3D3EBDFE108124C08BDCE8 /* JobDetailsView.swift */ = {isa = PBXFileReference; lastKnownFileType = sourcecode.swift; path = JobDetailsView.swift; sourceTree = "<group>"; };
		64585C151541923FB089FD8C /* DevelopmentSetup.swift */ = {isa = PBXFileReference; lastKnownFileType = sourcecode.swift; path = DevelopmentSetup.swift; sourceTree = "<group>"; };
		65199ED4CC36317032069F29 /* Job.swift */ = {isa = PBXFileReference; lastKnownFileType = sourcecode.swift; path = Job.swift; sourceTree = "<group>"; };
		6D6AD615ABE2724BFF5D97DF /* APIClient.swift */ = {isa = PBXFileReference; lastKnownFileType = sourcecode.swift; path = APIClient.swift; sourceTree = "<group>"; };
		7CA29BE9CB3806B20D13B418 /* README.md */ = {isa = PBXFileReference; lastKnownFileType = net.daringfireball.markdown; path = README.md; sourceTree = "<group>"; };
		86A1B9FFBC158E8970C97DC6 /* DashboardView.swift */ = {isa = PBXFileReference; lastKnownFileType = sourcecode.swift; path = DashboardView.swift; sourceTree = "<group>"; };
		86D2C867B221B4AEFD51A791 /* SceneDelegate.swift */ = {isa = PBXFileReference; lastKnownFileType = sourcecode.swift; path = SceneDelegate.swift; sourceTree = "<group>"; };
		93830F369FA13CA2CDB96B8D /* MovingMountainsDriverApp.swift */ = {isa = PBXFileReference; lastKnownFileType = sourcecode.swift; path = MovingMountainsDriverApp.swift; sourceTree = "<group>"; };
		A96104581D05263A72E33562 /* Base */ = {isa = PBXFileReference; lastKnownFileType = file.storyboard; name = Base; path = Base.lproj/LaunchScreen.storyboard; sourceTree = "<group>"; };
		AB05BE435335B60008B0D825 /* Constants.swift */ = {isa = PBXFileReference; lastKnownFileType = sourcecode.swift; path = Constants.swift; sourceTree = "<group>"; };
		AD7A988D473AE74FC25007BD /* MovingMountainsDriver.xcdatamodel */ = {isa = PBXFileReference; lastKnownFileType = wrapper.xcdatamodel; path = MovingMountainsDriver.xcdatamodel; sourceTree = "<group>"; };
		ADFB3CE3FD013D5F4E06D81C /* DashboardViewModel.swift */ = {isa = PBXFileReference; lastKnownFileType = sourcecode.swift; path = DashboardViewModel.swift; sourceTree = "<group>"; };
		B697C72BB9AC6F95DDF42F62 /* AppDelegate.swift */ = {isa = PBXFileReference; lastKnownFileType = sourcecode.swift; path = AppDelegate.swift; sourceTree = "<group>"; };
		BA401A0B5CDE53F02CD7C88B /* MovingMountainsDriver.app */ = {isa = PBXFileReference; explicitFileType = wrapper.application; includeInIndex = 0; path = MovingMountainsDriver.app; sourceTree = BUILT_PRODUCTS_DIR; };
		C66CF42E54CFA15C1955F87B /* SyncService.swift */ = {isa = PBXFileReference; lastKnownFileType = sourcecode.swift; path = SyncService.swift; sourceTree = "<group>"; };
		CA1FB355C0843EE0A521E51A /* LoginView.swift */ = {isa = PBXFileReference; lastKnownFileType = sourcecode.swift; path = LoginView.swift; sourceTree = "<group>"; };
		CB23A5FA1FED64AC3B72029E /* DriverProfile.swift */ = {isa = PBXFileReference; lastKnownFileType = sourcecode.swift; path = DriverProfile.swift; sourceTree = "<group>"; };
		D162DB735D13E29255EAFCA3 /* User.swift */ = {isa = PBXFileReference; lastKnownFileType = sourcecode.swift; path = User.swift; sourceTree = "<group>"; };
		D8578240AF5376B90CB05E89 /* LocationService.swift */ = {isa = PBXFileReference; lastKnownFileType = sourcecode.swift; path = LocationService.swift; sourceTree = "<group>"; };
		E31B05BC314FDA1220BFA341 /* MapView.swift */ = {isa = PBXFileReference; lastKnownFileType = sourcecode.swift; path = MapView.swift; sourceTree = "<group>"; };
/* End PBXFileReference section */

/* Begin PBXGroup section */
		056169DFA722E1BE6F0FFE1E /* Authentication */ = {
			isa = PBXGroup;
			children = (
				CA1FB355C0843EE0A521E51A /* LoginView.swift */,
			);
			path = Authentication;
			sourceTree = "<group>";
		};
		089E8BBB8DADA2DE6E0F4934 /* Utilities */ = {
			isa = PBXGroup;
			children = (
				11F48E7BB569878A7DD4D348 /* BuildConfiguration.swift */,
				AB05BE435335B60008B0D825 /* Constants.swift */,
				64585C151541923FB089FD8C /* DevelopmentSetup.swift */,
			);
			path = Utilities;
			sourceTree = "<group>";
		};
		098B9441D61CC79BB28698A8 /* Products */ = {
			isa = PBXGroup;
			children = (
				BA401A0B5CDE53F02CD7C88B /* MovingMountainsDriver.app */,
			);
			name = Products;
			sourceTree = "<group>";
		};
		1819563D5385E5FCF4182BA2 /* Services */ = {
			isa = PBXGroup;
			children = (
				6D6AD615ABE2724BFF5D97DF /* APIClient.swift */,
				09BE55106C7A76C2C34EE3EA /* AuthService.swift */,
				56F4179183512EAF6F246409 /* CoreDataManager.swift */,
				D8578240AF5376B90CB05E89 /* LocationService.swift */,
				C66CF42E54CFA15C1955F87B /* SyncService.swift */,
			);
			path = Services;
			sourceTree = "<group>";
		};
		1D739DA42FD8EDA2DF069C21 /* App */ = {
			isa = PBXGroup;
			children = (
				B697C72BB9AC6F95DDF42F62 /* AppDelegate.swift */,
				93830F369FA13CA2CDB96B8D /* MovingMountainsDriverApp.swift */,
				86D2C867B221B4AEFD51A791 /* SceneDelegate.swift */,
			);
			path = App;
			sourceTree = "<group>";
		};
		3B76719C9B9A37EEE23FC2C8 /* MovingMountainsDriver */ = {
			isa = PBXGroup;
			children = (
				21C24B10A2B7E39C8E66613B /* Info.plist */,
				0D887989FC0850FDDE35D6D4 /* project.pbxproj */,
				49387505CFE3602833F785AE /* project.xcworkspace */,
				7CA29BE9CB3806B20D13B418 /* README.md */,
				4B50964C5986A4AB9EB63A13 /* update_project.py */,
				1D739DA42FD8EDA2DF069C21 /* App */,
				54102F84A310341A11C88F85 /* CoreData */,
				BA9282FF0697D6288FD91EE7 /* Models */,
				5B0A69033E30FDF56F5B9121 /* Resources */,
				1819563D5385E5FCF4182BA2 /* Services */,
				089E8BBB8DADA2DE6E0F4934 /* Utilities */,
				F05D11969942B954BF30329B /* ViewModels */,
				E5E1FFF0825E8A7A464D9F95 /* Views */,
			);
			path = MovingMountainsDriver;
			sourceTree = "<group>";
		};
		3DF8D4E005720CC6A9640D74 /* Dashboard */ = {
			isa = PBXGroup;
			children = (
				86A1B9FFBC158E8970C97DC6 /* DashboardView.swift */,
			);
			path = Dashboard;
			sourceTree = "<group>";
		};
		54102F84A310341A11C88F85 /* CoreData */ = {
			isa = PBXGroup;
			children = (
				DD4883CEF68E591553AC4602 /* MovingMountainsDriver.xcdatamodeld */,
			);
			path = CoreData;
			sourceTree = "<group>";
		};
		5B0A69033E30FDF56F5B9121 /* Resources */ = {
			isa = PBXGroup;
			children = (
				AFE05C4400787E9A39D54CBC /* LaunchScreen.storyboard */,
			);
			path = Resources;
			sourceTree = "<group>";
		};
		682BE48198995A2C14883019 = {
			isa = PBXGroup;
			children = (
				3B76719C9B9A37EEE23FC2C8 /* MovingMountainsDriver */,
				098B9441D61CC79BB28698A8 /* Products */,
			);
			sourceTree = "<group>";
		};
		7766DAB07F9AEB3DA936F968 /* Status */ = {
			isa = PBXGroup;
			children = (
				0D853682FA03F941DE4C75FE /* UpdateStatusView.swift */,
			);
			path = Status;
			sourceTree = "<group>";
		};
		BA9282FF0697D6288FD91EE7 /* Models */ = {
			isa = PBXGroup;
			children = (
				5A5143758323D0705E026ADA /* Address.swift */,
				CB23A5FA1FED64AC3B72029E /* DriverProfile.swift */,
				65199ED4CC36317032069F29 /* Job.swift */,
				3CDBD56088B54959A35334EF /* Shipment.swift */,
				D162DB735D13E29255EAFCA3 /* User.swift */,
			);
			path = Models;
			sourceTree = "<group>";
		};
		DC753B94CE442ECFB83AF477 /* Components */ = {
			isa = PBXGroup;
			children = (
				E31B05BC314FDA1220BFA341 /* MapView.swift */,
			);
			path = Components;
			sourceTree = "<group>";
		};
		E5E1FFF0825E8A7A464D9F95 /* Views */ = {
			isa = PBXGroup;
			children = (
				056169DFA722E1BE6F0FFE1E /* Authentication */,
				DC753B94CE442ECFB83AF477 /* Components */,
				3DF8D4E005720CC6A9640D74 /* Dashboard */,
				F0D21352C84CB99AF545D57B /* JobDetails */,
				7766DAB07F9AEB3DA936F968 /* Status */,
			);
			path = Views;
			sourceTree = "<group>";
		};
		F05D11969942B954BF30329B /* ViewModels */ = {
			isa = PBXGroup;
			children = (
				ADFB3CE3FD013D5F4E06D81C /* DashboardViewModel.swift */,
			);
			path = ViewModels;
			sourceTree = "<group>";
		};
		F0D21352C84CB99AF545D57B /* JobDetails */ = {
			isa = PBXGroup;
			children = (
				5E3D3EBDFE108124C08BDCE8 /* JobDetailsView.swift */,
			);
			path = JobDetails;
			sourceTree = "<group>";
		};
/* End PBXGroup section */

/* Begin PBXNativeTarget section */
		63E7D02F89DF1B8CB58B042D /* MovingMountainsDriver */ = {
			isa = PBXNativeTarget;
			buildConfigurationList = 341005293307F1248B193EF2 /* Build configuration list for PBXNativeTarget "MovingMountainsDriver" */;
			buildPhases = (
				1DB9CB73EEC8BDEEB634591F /* Sources */,
				A00C3B9E887EE0064AD31C42 /* Resources */,
			);
			buildRules = (
			);
			dependencies = (
			);
			name = MovingMountainsDriver;
			productName = MovingMountainsDriver;
			productReference = BA401A0B5CDE53F02CD7C88B /* MovingMountainsDriver.app */;
			productType = "com.apple.product-type.application";
		};
/* End PBXNativeTarget section */

/* Begin PBXProject section */
		6A861F348E53E47E55C830ED /* Project object */ = {
			isa = PBXProject;
			attributes = {
				BuildIndependentTargetsInParallel = YES;
				LastUpgradeCheck = 1620;
			};
			buildConfigurationList = CA080CC466D52FFC34E9EB54 /* Build configuration list for PBXProject "MovingMountainsDriver" */;
			compatibilityVersion = "Xcode 14.0";
			developmentRegion = en;
			hasScannedForEncodings = 0;
			knownRegions = (
				Base,
				en,
			);
			mainGroup = 682BE48198995A2C14883019;
			projectDirPath = "";
			projectRoot = "";
			targets = (
				63E7D02F89DF1B8CB58B042D /* MovingMountainsDriver */,
			);
		};
/* End PBXProject section */

/* Begin PBXResourcesBuildPhase section */
		A00C3B9E887EE0064AD31C42 /* Resources */ = {
			isa = PBXResourcesBuildPhase;
			buildActionMask = 2147483647;
			files = (
				218A5F2C065934E1000535A3 /* LaunchScreen.storyboard in Resources */,
				62A05C81FFE57A2C3AA00A4E /* README.md in Resources */,
				73CEC4086F4F670A51524FA5 /* project.pbxproj in Resources */,
				24D6A6314F5027F96D09662E /* project.xcworkspace in Resources */,
				5684EF1024F645894E8E2066 /* update_project.py in Resources */,
			);
			runOnlyForDeploymentPostprocessing = 0;
		};
/* End PBXResourcesBuildPhase section */

/* Begin PBXSourcesBuildPhase section */
		1DB9CB73EEC8BDEEB634591F /* Sources */ = {
			isa = PBXSourcesBuildPhase;
			buildActionMask = 2147483647;
			files = (
				E4CD4842F034E7F437542F61 /* APIClient.swift in Sources */,
				3EBA07E5198124582CC52300 /* Address.swift in Sources */,
				B227BD26179B971218F9B326 /* AppDelegate.swift in Sources */,
				7BDD85E0EC1797387D9460E6 /* AuthService.swift in Sources */,
				EE13322A86E33654B103EC59 /* BuildConfiguration.swift in Sources */,
				1561D60E64FAE5D1CCEFD4B9 /* Constants.swift in Sources */,
				72723214492F201588DB63E3 /* CoreDataManager.swift in Sources */,
				1B30D8ABDBC7C7715F664B4F /* DashboardView.swift in Sources */,
				07994A185CF125EA3FCB08D4 /* DashboardViewModel.swift in Sources */,
				70F11661487D494443560C0B /* DevelopmentSetup.swift in Sources */,
				78F47373921D99F79FC08C47 /* DriverProfile.swift in Sources */,
				B889C51C0FF19BEC4F5F2B6F /* Job.swift in Sources */,
				649438FEEC4D0E9E9456443C /* JobDetailsView.swift in Sources */,
				4C96EBE6D761E2A4F395D0A2 /* LocationService.swift in Sources */,
				F1BBF68396477D099069C1EE /* LoginView.swift in Sources */,
				F61E013541CFD5A34FC56B88 /* MapView.swift in Sources */,
				573766C191117DCEB2E82CDC /* MovingMountainsDriver.xcdatamodeld in Sources */,
				E8BC8CBC9A78F53D6806944E /* MovingMountainsDriverApp.swift in Sources */,
				D8052653DC22142CCD6024F7 /* SceneDelegate.swift in Sources */,
				40E377252293A3A0E3CDE605 /* Shipment.swift in Sources */,
				EF32351AE83718F0182675E0 /* SyncService.swift in Sources */,
				38BBD8F2B5B1751D8AD4736F /* UpdateStatusView.swift in Sources */,
				9E93446BA97021F3A6C5D1AE /* User.swift in Sources */,
			);
			runOnlyForDeploymentPostprocessing = 0;
		};
/* End PBXSourcesBuildPhase section */

/* Begin PBXVariantGroup section */
		AFE05C4400787E9A39D54CBC /* LaunchScreen.storyboard */ = {
			isa = PBXVariantGroup;
			children = (
				A96104581D05263A72E33562 /* Base */,
			);
			name = LaunchScreen.storyboard;
			sourceTree = "<group>";
		};
/* End PBXVariantGroup section */

/* Begin XCBuildConfiguration section */
		08BF41B8CCB62D898CD391FE /* Debug */ = {
			isa = XCBuildConfiguration;
			buildSettings = {
				ALWAYS_SEARCH_USER_PATHS = NO;
				ASSETCATALOG_COMPILER_GENERATE_SWIFT_ASSET_SYMBOL_EXTENSIONS = YES;
				CLANG_ANALYZER_NONNULL = YES;
				CLANG_ANALYZER_NUMBER_OBJECT_CONVERSION = YES_AGGRESSIVE;
				CLANG_CXX_LANGUAGE_STANDARD = "gnu++14";
				CLANG_CXX_LIBRARY = "libc++";
				CLANG_ENABLE_MODULES = YES;
				CLANG_ENABLE_OBJC_ARC = YES;
				CLANG_ENABLE_OBJC_WEAK = YES;
				CLANG_WARN_BLOCK_CAPTURE_AUTORELEASING = YES;
				CLANG_WARN_BOOL_CONVERSION = YES;
				CLANG_WARN_COMMA = YES;
				CLANG_WARN_CONSTANT_CONVERSION = YES;
				CLANG_WARN_DEPRECATED_OBJC_IMPLEMENTATIONS = YES;
				CLANG_WARN_DIRECT_OBJC_ISA_USAGE = YES_ERROR;
				CLANG_WARN_DOCUMENTATION_COMMENTS = YES;
				CLANG_WARN_EMPTY_BODY = YES;
				CLANG_WARN_ENUM_CONVERSION = YES;
				CLANG_WARN_INFINITE_RECURSION = YES;
				CLANG_WARN_INT_CONVERSION = YES;
				CLANG_WARN_NON_LITERAL_NULL_CONVERSION = YES;
				CLANG_WARN_OBJC_IMPLICIT_RETAIN_SELF = YES;
				CLANG_WARN_OBJC_LITERAL_CONVERSION = YES;
				CLANG_WARN_OBJC_ROOT_CLASS = YES_ERROR;
				CLANG_WARN_QUOTED_INCLUDE_IN_FRAMEWORK_HEADER = YES;
				CLANG_WARN_RANGE_LOOP_ANALYSIS = YES;
				CLANG_WARN_STRICT_PROTOTYPES = YES;
				CLANG_WARN_SUSPICIOUS_MOVE = YES;
				CLANG_WARN_UNGUARDED_AVAILABILITY = YES_AGGRESSIVE;
				CLANG_WARN_UNREACHABLE_CODE = YES;
				CLANG_WARN__DUPLICATE_METHOD_MATCH = YES;
				COPY_PHASE_STRIP = NO;
				DEBUG_INFORMATION_FORMAT = dwarf;
				ENABLE_STRICT_OBJC_MSGSEND = YES;
				ENABLE_TESTABILITY = YES;
				ENABLE_USER_SCRIPT_SANDBOXING = YES;
				GCC_C_LANGUAGE_STANDARD = gnu11;
				GCC_DYNAMIC_NO_PIC = NO;
				GCC_NO_COMMON_BLOCKS = YES;
				GCC_OPTIMIZATION_LEVEL = 0;
				GCC_PREPROCESSOR_DEFINITIONS = (
					"$(inherited)",
					"DEBUG=1",
				);
				GCC_WARN_64_TO_32_BIT_CONVERSION = YES;
				GCC_WARN_ABOUT_RETURN_TYPE = YES_ERROR;
				GCC_WARN_UNDECLARED_SELECTOR = YES;
				GCC_WARN_UNINITIALIZED_AUTOS = YES_AGGRESSIVE;
				GCC_WARN_UNUSED_FUNCTION = YES;
				GCC_WARN_UNUSED_VARIABLE = YES;
				IPHONEOS_DEPLOYMENT_TARGET = 15.0;
				MTL_ENABLE_DEBUG_INFO = INCLUDE_SOURCE;
				MTL_FAST_MATH = YES;
				ONLY_ACTIVE_ARCH = YES;
				PRODUCT_NAME = "$(TARGET_NAME)";
				SDKROOT = iphoneos;
				SWIFT_ACTIVE_COMPILATION_CONDITIONS = DEBUG;
				SWIFT_OPTIMIZATION_LEVEL = "-Onone";
				SWIFT_VERSION = 5.0;
			};
			name = Debug;
		};
		3CEB8E9BC8A7A3BFAF7CE072 /* Debug */ = {
			isa = XCBuildConfiguration;
			buildSettings = {
				ASSETCATALOG_COMPILER_APPICON_NAME = AppIcon;
				CODE_SIGN_IDENTITY = "iPhone Developer";
				DEVELOPMENT_TEAM = 6LK5K732N5;
				INFOPLIST_FILE = MovingMountainsDriver/Info.plist;
				INFOPLIST_KEY_UIApplicationSceneManifest_Generation = YES;
				INFOPLIST_KEY_UIApplicationSupportsIndirectInputEvents = YES;
				INFOPLIST_KEY_UILaunchScreen_Generation = YES;
				INFOPLIST_KEY_UISupportedInterfaceOrientations_iPad = UIInterfaceOrientationPortrait;
				INFOPLIST_KEY_UISupportedInterfaceOrientations_iPhone = UIInterfaceOrientationPortrait;
				LD_RUNPATH_SEARCH_PATHS = (
					"$(inherited)",
					"@executable_path/Frameworks",
				);
				PRODUCT_BUNDLE_IDENTIFIER = com.movingmountains.MovingMountainsDriver;
				SDKROOT = iphoneos;
				TARGETED_DEVICE_FAMILY = "1,2";
			};
			name = Debug;
		};
		DD743A98471B19CFDFAF9956 /* Release */ = {
			isa = XCBuildConfiguration;
			buildSettings = {
				ASSETCATALOG_COMPILER_APPICON_NAME = AppIcon;
				CODE_SIGN_IDENTITY = "iPhone Developer";
				DEVELOPMENT_TEAM = 6LK5K732N5;
				INFOPLIST_FILE = MovingMountainsDriver/Info.plist;
				INFOPLIST_KEY_UIApplicationSceneManifest_Generation = YES;
				INFOPLIST_KEY_UIApplicationSupportsIndirectInputEvents = YES;
				INFOPLIST_KEY_UILaunchScreen_Generation = YES;
				INFOPLIST_KEY_UISupportedInterfaceOrientations_iPad = UIInterfaceOrientationPortrait;
				INFOPLIST_KEY_UISupportedInterfaceOrientations_iPhone = UIInterfaceOrientationPortrait;
				LD_RUNPATH_SEARCH_PATHS = (
					"$(inherited)",
					"@executable_path/Frameworks",
				);
				PRODUCT_BUNDLE_IDENTIFIER = com.movingmountains.MovingMountainsDriver;
				SDKROOT = iphoneos;
				TARGETED_DEVICE_FAMILY = "1,2";
			};
			name = Release;
		};
		E7CB0ED85708397F03B1AF2C /* Release */ = {
			isa = XCBuildConfiguration;
			buildSettings = {
				ALWAYS_SEARCH_USER_PATHS = NO;
				ASSETCATALOG_COMPILER_GENERATE_SWIFT_ASSET_SYMBOL_EXTENSIONS = YES;
				CLANG_ANALYZER_NONNULL = YES;
				CLANG_ANALYZER_NUMBER_OBJECT_CONVERSION = YES_AGGRESSIVE;
				CLANG_CXX_LANGUAGE_STANDARD = "gnu++14";
				CLANG_CXX_LIBRARY = "libc++";
				CLANG_ENABLE_MODULES = YES;
				CLANG_ENABLE_OBJC_ARC = YES;
				CLANG_ENABLE_OBJC_WEAK = YES;
				CLANG_WARN_BLOCK_CAPTURE_AUTORELEASING = YES;
				CLANG_WARN_BOOL_CONVERSION = YES;
				CLANG_WARN_COMMA = YES;
				CLANG_WARN_CONSTANT_CONVERSION = YES;
				CLANG_WARN_DEPRECATED_OBJC_IMPLEMENTATIONS = YES;
				CLANG_WARN_DIRECT_OBJC_ISA_USAGE = YES_ERROR;
				CLANG_WARN_DOCUMENTATION_COMMENTS = YES;
				CLANG_WARN_EMPTY_BODY = YES;
				CLANG_WARN_ENUM_CONVERSION = YES;
				CLANG_WARN_INFINITE_RECURSION = YES;
				CLANG_WARN_INT_CONVERSION = YES;
				CLANG_WARN_NON_LITERAL_NULL_CONVERSION = YES;
				CLANG_WARN_OBJC_IMPLICIT_RETAIN_SELF = YES;
				CLANG_WARN_OBJC_LITERAL_CONVERSION = YES;
				CLANG_WARN_OBJC_ROOT_CLASS = YES_ERROR;
				CLANG_WARN_QUOTED_INCLUDE_IN_FRAMEWORK_HEADER = YES;
				CLANG_WARN_RANGE_LOOP_ANALYSIS = YES;
				CLANG_WARN_STRICT_PROTOTYPES = YES;
				CLANG_WARN_SUSPICIOUS_MOVE = YES;
				CLANG_WARN_UNGUARDED_AVAILABILITY = YES_AGGRESSIVE;
				CLANG_WARN_UNREACHABLE_CODE = YES;
				CLANG_WARN__DUPLICATE_METHOD_MATCH = YES;
				COPY_PHASE_STRIP = NO;
				DEBUG_INFORMATION_FORMAT = "dwarf-with-dsym";
				ENABLE_NS_ASSERTIONS = NO;
				ENABLE_STRICT_OBJC_MSGSEND = YES;
				ENABLE_USER_SCRIPT_SANDBOXING = YES;
				GCC_C_LANGUAGE_STANDARD = gnu11;
				GCC_NO_COMMON_BLOCKS = YES;
				GCC_WARN_64_TO_32_BIT_CONVERSION = YES;
				GCC_WARN_ABOUT_RETURN_TYPE = YES_ERROR;
				GCC_WARN_UNDECLARED_SELECTOR = YES;
				GCC_WARN_UNINITIALIZED_AUTOS = YES_AGGRESSIVE;
				GCC_WARN_UNUSED_FUNCTION = YES;
				GCC_WARN_UNUSED_VARIABLE = YES;
				IPHONEOS_DEPLOYMENT_TARGET = 15.0;
				MTL_ENABLE_DEBUG_INFO = NO;
				MTL_FAST_MATH = YES;
				PRODUCT_NAME = "$(TARGET_NAME)";
				SDKROOT = iphoneos;
				SWIFT_COMPILATION_MODE = wholemodule;
				SWIFT_OPTIMIZATION_LEVEL = "-O";
				SWIFT_VERSION = 5.0;
			};
			name = Release;
		};
/* End XCBuildConfiguration section */

/* Begin XCConfigurationList section */
		341005293307F1248B193EF2 /* Build configuration list for PBXNativeTarget "MovingMountainsDriver" */ = {
			isa = XCConfigurationList;
			buildConfigurations = (
				3CEB8E9BC8A7A3BFAF7CE072 /* Debug */,
				DD743A98471B19CFDFAF9956 /* Release */,
			);
			defaultConfigurationIsVisible = 0;
			defaultConfigurationName = Debug;
		};
		CA080CC466D52FFC34E9EB54 /* Build configuration list for PBXProject "MovingMountainsDriver" */ = {
			isa = XCConfigurationList;
			buildConfigurations = (
				08BF41B8CCB62D898CD391FE /* Debug */,
				E7CB0ED85708397F03B1AF2C /* Release */,
			);
			defaultConfigurationIsVisible = 0;
			defaultConfigurationName = Debug;
		};
/* End XCConfigurationList section */

/* Begin XCVersionGroup section */
		DD4883CEF68E591553AC4602 /* MovingMountainsDriver.xcdatamodeld */ = {
			isa = XCVersionGroup;
			children = (
				AD7A988D473AE74FC25007BD /* MovingMountainsDriver.xcdatamodel */,
			);
			currentVersion = AD7A988D473AE74FC25007BD /* MovingMountainsDriver.xcdatamodel */;
			path = MovingMountainsDriver.xcdatamodeld;
			sourceTree = "<group>";
			versionGroupType = wrapper.xcdatamodel;
		};
/* End XCVersionGroup section */
	};
	rootObject = 6A861F348E53E47E55C830ED /* Project object */;
}
